// !$*UTF8*$!
{
	archiveVersion = 1;
	classes = {
	};
	objectVersion = 48;
	objects = {

/* Begin PBXBuildFile section */
		420001E09D2F4C9CF1A8802E /* Pods_iOS_ProjectUITests.framework in Frameworks */ = {isa = PBXBuildFile; fileRef = 343BB498779501A06C9D5F88 /* Pods_iOS_ProjectUITests.framework */; };
		430E13D4204C37D50044EFF0 /* LoginViewController.swift in Sources */ = {isa = PBXBuildFile; fileRef = 430E13D3204C37D50044EFF0 /* LoginViewController.swift */; };
		430E13D6204C397B0044EFF0 /* HomeViewController.swift in Sources */ = {isa = PBXBuildFile; fileRef = 430E13D5204C397B0044EFF0 /* HomeViewController.swift */; };
		430E13D8204C398C0044EFF0 /* ProfileViewController.swift in Sources */ = {isa = PBXBuildFile; fileRef = 430E13D7204C398C0044EFF0 /* ProfileViewController.swift */; };
		430E13DA204C39BD0044EFF0 /* TaskViewController.swift in Sources */ = {isa = PBXBuildFile; fileRef = 430E13D9204C39BD0044EFF0 /* TaskViewController.swift */; };
		430E13DC204C39CD0044EFF0 /* MyProfileViewController.swift in Sources */ = {isa = PBXBuildFile; fileRef = 430E13DB204C39CD0044EFF0 /* MyProfileViewController.swift */; };
		430F9F5C206CBC90002E2E50 /* Color.swift in Sources */ = {isa = PBXBuildFile; fileRef = 430F9F5B206CBC90002E2E50 /* Color.swift */; };
		430F9F63206D0CD0002E2E50 /* Localizable.strings in Resources */ = {isa = PBXBuildFile; fileRef = 430F9F65206D0CD0002E2E50 /* Localizable.strings */; };
		4311F6F62067E06600B977B9 /* TaskCollectionViewCell.swift in Sources */ = {isa = PBXBuildFile; fileRef = 4311F6F52067E06600B977B9 /* TaskCollectionViewCell.swift */; };
		43729A1020654A5000136064 /* String.swift in Sources */ = {isa = PBXBuildFile; fileRef = 43729A0F20654A5000136064 /* String.swift */; };
		43729A162065574000136064 /* SFUIText-Medium.otf in Resources */ = {isa = PBXBuildFile; fileRef = 43729A142065551A00136064 /* SFUIText-Medium.otf */; };
		43729A172065574100136064 /* SFUIText-Medium.otf in Resources */ = {isa = PBXBuildFile; fileRef = 43729A142065551A00136064 /* SFUIText-Medium.otf */; };
		43729A182065574100136064 /* SFUIText-Medium.otf in Resources */ = {isa = PBXBuildFile; fileRef = 43729A142065551A00136064 /* SFUIText-Medium.otf */; };
		43729A192065574600136064 /* SFUIText-Light.otf in Resources */ = {isa = PBXBuildFile; fileRef = 43729A13206554CB00136064 /* SFUIText-Light.otf */; };
		43729A1A2065574700136064 /* SFUIText-Light.otf in Resources */ = {isa = PBXBuildFile; fileRef = 43729A13206554CB00136064 /* SFUIText-Light.otf */; };
		43729A1B2065574800136064 /* SFUIText-Light.otf in Resources */ = {isa = PBXBuildFile; fileRef = 43729A13206554CB00136064 /* SFUIText-Light.otf */; };
		43F06E7A2044915500A00B18 /* AppDelegate.swift in Sources */ = {isa = PBXBuildFile; fileRef = 43F06E792044915500A00B18 /* AppDelegate.swift */; };
		43F06E7C2044915500A00B18 /* ViewController.swift in Sources */ = {isa = PBXBuildFile; fileRef = 43F06E7B2044915500A00B18 /* ViewController.swift */; };
		43F06E7F2044915500A00B18 /* Main.storyboard in Resources */ = {isa = PBXBuildFile; fileRef = 43F06E7D2044915500A00B18 /* Main.storyboard */; };
		43F06E812044915500A00B18 /* Assets.xcassets in Resources */ = {isa = PBXBuildFile; fileRef = 43F06E802044915500A00B18 /* Assets.xcassets */; };
		43F06E842044915500A00B18 /* LaunchScreen.storyboard in Resources */ = {isa = PBXBuildFile; fileRef = 43F06E822044915500A00B18 /* LaunchScreen.storyboard */; };
		43F06E8F2044915500A00B18 /* iOS_ProjectTests.swift in Sources */ = {isa = PBXBuildFile; fileRef = 43F06E8E2044915500A00B18 /* iOS_ProjectTests.swift */; };
		43F06E9A2044915500A00B18 /* iOS_ProjectUITests.swift in Sources */ = {isa = PBXBuildFile; fileRef = 43F06E992044915500A00B18 /* iOS_ProjectUITests.swift */; };
		43F06EAB204491AE00A00B18 /* AccountManager.swift in Sources */ = {isa = PBXBuildFile; fileRef = 43F06EAA204491AE00A00B18 /* AccountManager.swift */; };
		43F06EAD204491F400A00B18 /* Friend.swift in Sources */ = {isa = PBXBuildFile; fileRef = 43F06EAC204491F400A00B18 /* Friend.swift */; };
		43F06EAF2044921D00A00B18 /* TaskManager.swift in Sources */ = {isa = PBXBuildFile; fileRef = 43F06EAE2044921D00A00B18 /* TaskManager.swift */; };
		43F06EB12044926300A00B18 /* Task.swift in Sources */ = {isa = PBXBuildFile; fileRef = 43F06EB02044926300A00B18 /* Task.swift */; };
		81A8C2E44F27262CB081D864 /* Pods_iOS_Project.framework in Frameworks */ = {isa = PBXBuildFile; fileRef = 04AB206E8466A6877C6626FF /* Pods_iOS_Project.framework */; };
		D71F065DE4AB574CD767CAB5 /* Pods_iOS_ProjectTests.framework in Frameworks */ = {isa = PBXBuildFile; fileRef = 445E8E54FC30E69C5E970660 /* Pods_iOS_ProjectTests.framework */; };
/* End PBXBuildFile section */

/* Begin PBXContainerItemProxy section */
		43F06E8B2044915500A00B18 /* PBXContainerItemProxy */ = {
			isa = PBXContainerItemProxy;
			containerPortal = 43F06E6E2044915500A00B18 /* Project object */;
			proxyType = 1;
			remoteGlobalIDString = 43F06E752044915500A00B18;
			remoteInfo = "iOS-Project";
		};
		43F06E962044915500A00B18 /* PBXContainerItemProxy */ = {
			isa = PBXContainerItemProxy;
			containerPortal = 43F06E6E2044915500A00B18 /* Project object */;
			proxyType = 1;
			remoteGlobalIDString = 43F06E752044915500A00B18;
			remoteInfo = "iOS-Project";
		};
/* End PBXContainerItemProxy section */

/* Begin PBXFileReference section */
		04AB206E8466A6877C6626FF /* Pods_iOS_Project.framework */ = {isa = PBXFileReference; explicitFileType = wrapper.framework; includeInIndex = 0; path = Pods_iOS_Project.framework; sourceTree = BUILT_PRODUCTS_DIR; };
		1DCF0B35DB6632B8B301490D /* Pods-iOS-ProjectTests.release.xcconfig */ = {isa = PBXFileReference; includeInIndex = 1; lastKnownFileType = text.xcconfig; name = "Pods-iOS-ProjectTests.release.xcconfig"; path = "Pods/Target Support Files/Pods-iOS-ProjectTests/Pods-iOS-ProjectTests.release.xcconfig"; sourceTree = "<group>"; };
		343BB498779501A06C9D5F88 /* Pods_iOS_ProjectUITests.framework */ = {isa = PBXFileReference; explicitFileType = wrapper.framework; includeInIndex = 0; path = Pods_iOS_ProjectUITests.framework; sourceTree = BUILT_PRODUCTS_DIR; };
		430E13D3204C37D50044EFF0 /* LoginViewController.swift */ = {isa = PBXFileReference; lastKnownFileType = sourcecode.swift; path = LoginViewController.swift; sourceTree = "<group>"; };
		430E13D5204C397B0044EFF0 /* HomeViewController.swift */ = {isa = PBXFileReference; lastKnownFileType = sourcecode.swift; path = HomeViewController.swift; sourceTree = "<group>"; };
		430E13D7204C398C0044EFF0 /* ProfileViewController.swift */ = {isa = PBXFileReference; lastKnownFileType = sourcecode.swift; path = ProfileViewController.swift; sourceTree = "<group>"; };
		430E13D9204C39BD0044EFF0 /* TaskViewController.swift */ = {isa = PBXFileReference; lastKnownFileType = sourcecode.swift; path = TaskViewController.swift; sourceTree = "<group>"; };
		430E13DB204C39CD0044EFF0 /* MyProfileViewController.swift */ = {isa = PBXFileReference; lastKnownFileType = sourcecode.swift; path = MyProfileViewController.swift; sourceTree = "<group>"; };
		430F9F5B206CBC90002E2E50 /* Color.swift */ = {isa = PBXFileReference; lastKnownFileType = sourcecode.swift; path = Color.swift; sourceTree = "<group>"; };
		430F9F64206D0CD0002E2E50 /* en */ = {isa = PBXFileReference; lastKnownFileType = text.plist.strings; name = en; path = en.lproj/Localizable.strings; sourceTree = "<group>"; };
		430F9F66206D0CEC002E2E50 /* fr */ = {isa = PBXFileReference; lastKnownFileType = text.plist.strings; name = fr; path = fr.lproj/Localizable.strings; sourceTree = "<group>"; };
		4311F6F52067E06600B977B9 /* TaskCollectionViewCell.swift */ = {isa = PBXFileReference; lastKnownFileType = sourcecode.swift; path = TaskCollectionViewCell.swift; sourceTree = "<group>"; };
		43729A0F20654A5000136064 /* String.swift */ = {isa = PBXFileReference; lastKnownFileType = sourcecode.swift; path = String.swift; sourceTree = "<group>"; };
		43729A13206554CB00136064 /* SFUIText-Light.otf */ = {isa = PBXFileReference; lastKnownFileType = file; path = "SFUIText-Light.otf"; sourceTree = "<group>"; };
		43729A142065551A00136064 /* SFUIText-Medium.otf */ = {isa = PBXFileReference; lastKnownFileType = file; path = "SFUIText-Medium.otf"; sourceTree = "<group>"; };
		43731AB5206BBB32005C82E1 /* SFUIText-Regular.otf */ = {isa = PBXFileReference; lastKnownFileType = file; path = "SFUIText-Regular.otf"; sourceTree = "<group>"; };
		43F06E762044915500A00B18 /* iOS-Project.app */ = {isa = PBXFileReference; explicitFileType = wrapper.application; includeInIndex = 0; path = "iOS-Project.app"; sourceTree = BUILT_PRODUCTS_DIR; };
		43F06E792044915500A00B18 /* AppDelegate.swift */ = {isa = PBXFileReference; lastKnownFileType = sourcecode.swift; path = AppDelegate.swift; sourceTree = "<group>"; };
		43F06E7B2044915500A00B18 /* ViewController.swift */ = {isa = PBXFileReference; lastKnownFileType = sourcecode.swift; path = ViewController.swift; sourceTree = "<group>"; };
		43F06E7E2044915500A00B18 /* Base */ = {isa = PBXFileReference; lastKnownFileType = file.storyboard; name = Base; path = Base.lproj/Main.storyboard; sourceTree = "<group>"; };
		43F06E802044915500A00B18 /* Assets.xcassets */ = {isa = PBXFileReference; lastKnownFileType = folder.assetcatalog; path = Assets.xcassets; sourceTree = "<group>"; };
		43F06E832044915500A00B18 /* Base */ = {isa = PBXFileReference; lastKnownFileType = file.storyboard; name = Base; path = Base.lproj/LaunchScreen.storyboard; sourceTree = "<group>"; };
		43F06E852044915500A00B18 /* Info.plist */ = {isa = PBXFileReference; lastKnownFileType = text.plist.xml; path = Info.plist; sourceTree = "<group>"; };
		43F06E8A2044915500A00B18 /* iOS-ProjectTests.xctest */ = {isa = PBXFileReference; explicitFileType = wrapper.cfbundle; includeInIndex = 0; path = "iOS-ProjectTests.xctest"; sourceTree = BUILT_PRODUCTS_DIR; };
		43F06E8E2044915500A00B18 /* iOS_ProjectTests.swift */ = {isa = PBXFileReference; lastKnownFileType = sourcecode.swift; path = iOS_ProjectTests.swift; sourceTree = "<group>"; };
		43F06E902044915500A00B18 /* Info.plist */ = {isa = PBXFileReference; lastKnownFileType = text.plist.xml; path = Info.plist; sourceTree = "<group>"; };
		43F06E952044915500A00B18 /* iOS-ProjectUITests.xctest */ = {isa = PBXFileReference; explicitFileType = wrapper.cfbundle; includeInIndex = 0; path = "iOS-ProjectUITests.xctest"; sourceTree = BUILT_PRODUCTS_DIR; };
		43F06E992044915500A00B18 /* iOS_ProjectUITests.swift */ = {isa = PBXFileReference; lastKnownFileType = sourcecode.swift; path = iOS_ProjectUITests.swift; sourceTree = "<group>"; };
		43F06E9B2044915500A00B18 /* Info.plist */ = {isa = PBXFileReference; lastKnownFileType = text.plist.xml; path = Info.plist; sourceTree = "<group>"; };
		43F06EAA204491AE00A00B18 /* AccountManager.swift */ = {isa = PBXFileReference; lastKnownFileType = sourcecode.swift; path = AccountManager.swift; sourceTree = "<group>"; };
		43F06EAC204491F400A00B18 /* Friend.swift */ = {isa = PBXFileReference; lastKnownFileType = sourcecode.swift; path = Friend.swift; sourceTree = "<group>"; };
		43F06EAE2044921D00A00B18 /* TaskManager.swift */ = {isa = PBXFileReference; lastKnownFileType = sourcecode.swift; path = TaskManager.swift; sourceTree = "<group>"; };
		43F06EB02044926300A00B18 /* Task.swift */ = {isa = PBXFileReference; lastKnownFileType = sourcecode.swift; path = Task.swift; sourceTree = "<group>"; };
		445E8E54FC30E69C5E970660 /* Pods_iOS_ProjectTests.framework */ = {isa = PBXFileReference; explicitFileType = wrapper.framework; includeInIndex = 0; path = Pods_iOS_ProjectTests.framework; sourceTree = BUILT_PRODUCTS_DIR; };
		98BB254E004187233C37DD70 /* Pods-iOS-Project.debug.xcconfig */ = {isa = PBXFileReference; includeInIndex = 1; lastKnownFileType = text.xcconfig; name = "Pods-iOS-Project.debug.xcconfig"; path = "Pods/Target Support Files/Pods-iOS-Project/Pods-iOS-Project.debug.xcconfig"; sourceTree = "<group>"; };
		9AFDE51EB2AEDAA33D6A2E5B /* Pods-iOS-Project.release.xcconfig */ = {isa = PBXFileReference; includeInIndex = 1; lastKnownFileType = text.xcconfig; name = "Pods-iOS-Project.release.xcconfig"; path = "Pods/Target Support Files/Pods-iOS-Project/Pods-iOS-Project.release.xcconfig"; sourceTree = "<group>"; };
		B8F31DD93BEC55A9D7A56ABA /* Pods-iOS-ProjectTests.debug.xcconfig */ = {isa = PBXFileReference; includeInIndex = 1; lastKnownFileType = text.xcconfig; name = "Pods-iOS-ProjectTests.debug.xcconfig"; path = "Pods/Target Support Files/Pods-iOS-ProjectTests/Pods-iOS-ProjectTests.debug.xcconfig"; sourceTree = "<group>"; };
		BCBEDC9D6E6DCE93390F3D29 /* Pods-iOS-ProjectUITests.debug.xcconfig */ = {isa = PBXFileReference; includeInIndex = 1; lastKnownFileType = text.xcconfig; name = "Pods-iOS-ProjectUITests.debug.xcconfig"; path = "Pods/Target Support Files/Pods-iOS-ProjectUITests/Pods-iOS-ProjectUITests.debug.xcconfig"; sourceTree = "<group>"; };
		E7660399EF2374A6CAA34852 /* Pods-iOS-ProjectUITests.release.xcconfig */ = {isa = PBXFileReference; includeInIndex = 1; lastKnownFileType = text.xcconfig; name = "Pods-iOS-ProjectUITests.release.xcconfig"; path = "Pods/Target Support Files/Pods-iOS-ProjectUITests/Pods-iOS-ProjectUITests.release.xcconfig"; sourceTree = "<group>"; };
/* End PBXFileReference section */

/* Begin PBXFrameworksBuildPhase section */
		43F06E732044915500A00B18 /* Frameworks */ = {
			isa = PBXFrameworksBuildPhase;
			buildActionMask = 2147483647;
			files = (
				81A8C2E44F27262CB081D864 /* Pods_iOS_Project.framework in Frameworks */,
			);
			runOnlyForDeploymentPostprocessing = 0;
		};
		43F06E872044915500A00B18 /* Frameworks */ = {
			isa = PBXFrameworksBuildPhase;
			buildActionMask = 2147483647;
			files = (
				D71F065DE4AB574CD767CAB5 /* Pods_iOS_ProjectTests.framework in Frameworks */,
			);
			runOnlyForDeploymentPostprocessing = 0;
		};
		43F06E922044915500A00B18 /* Frameworks */ = {
			isa = PBXFrameworksBuildPhase;
			buildActionMask = 2147483647;
			files = (
				420001E09D2F4C9CF1A8802E /* Pods_iOS_ProjectUITests.framework in Frameworks */,
			);
			runOnlyForDeploymentPostprocessing = 0;
		};
/* End PBXFrameworksBuildPhase section */

/* Begin PBXGroup section */
		430E13DD204C3E4C0044EFF0 /* Ressources */ = {
			isa = PBXGroup;
			children = (
				430F9F65206D0CD0002E2E50 /* Localizable.strings */,
				430F9F5E206D0ACB002E2E50 /* Fonts */,
			);
			path = Ressources;
			sourceTree = "<group>";
		};
		430F9F5E206D0ACB002E2E50 /* Fonts */ = {
			isa = PBXGroup;
			children = (
				43731AB5206BBB32005C82E1 /* SFUIText-Regular.otf */,
				43729A13206554CB00136064 /* SFUIText-Light.otf */,
				43729A142065551A00136064 /* SFUIText-Medium.otf */,
			);
			path = Fonts;
			sourceTree = "<group>";
		};
		43729A0D20654A3900136064 /* Tools */ = {
			isa = PBXGroup;
			children = (
				43729A0E20654A3F00136064 /* Extensions */,
			);
			path = Tools;
			sourceTree = "<group>";
		};
		43729A0E20654A3F00136064 /* Extensions */ = {
			isa = PBXGroup;
			children = (
				43729A0F20654A5000136064 /* String.swift */,
				430F9F5B206CBC90002E2E50 /* Color.swift */,
			);
			path = Extensions;
			sourceTree = "<group>";
		};
		43729A2020655CA700136064 /* Cells */ = {
			isa = PBXGroup;
			children = (
				4311F6F52067E06600B977B9 /* TaskCollectionViewCell.swift */,
			);
			path = Cells;
			sourceTree = "<group>";
		};
		43F06E6D2044915500A00B18 = {
			isa = PBXGroup;
			children = (
				43F06E782044915500A00B18 /* iOS-Project */,
				43F06E8D2044915500A00B18 /* iOS-ProjectTests */,
				43F06E982044915500A00B18 /* iOS-ProjectUITests */,
				43F06E772044915500A00B18 /* Products */,
				65C2E12C12D0D49568F1849A /* Pods */,
				BE2D3C9591F3171B5DAC7ADF /* Frameworks */,
			);
			sourceTree = "<group>";
		};
		43F06E772044915500A00B18 /* Products */ = {
			isa = PBXGroup;
			children = (
				43F06E762044915500A00B18 /* iOS-Project.app */,
				43F06E8A2044915500A00B18 /* iOS-ProjectTests.xctest */,
				43F06E952044915500A00B18 /* iOS-ProjectUITests.xctest */,
			);
			name = Products;
			sourceTree = "<group>";
		};
		43F06E782044915500A00B18 /* iOS-Project */ = {
			isa = PBXGroup;
			children = (
				43729A0D20654A3900136064 /* Tools */,
				430E13DD204C3E4C0044EFF0 /* Ressources */,
				43F06EA92044917F00A00B18 /* Controllers */,
				43F06EA82044917500A00B18 /* Views */,
				43F06EA72044916400A00B18 /* Models */,
				43F06E792044915500A00B18 /* AppDelegate.swift */,
				43F06E7B2044915500A00B18 /* ViewController.swift */,
				43F06E7D2044915500A00B18 /* Main.storyboard */,
				43F06E802044915500A00B18 /* Assets.xcassets */,
				43F06E822044915500A00B18 /* LaunchScreen.storyboard */,
				43F06E852044915500A00B18 /* Info.plist */,
			);
			path = "iOS-Project";
			sourceTree = "<group>";
		};
		43F06E8D2044915500A00B18 /* iOS-ProjectTests */ = {
			isa = PBXGroup;
			children = (
				43F06E8E2044915500A00B18 /* iOS_ProjectTests.swift */,
				43F06E902044915500A00B18 /* Info.plist */,
			);
			path = "iOS-ProjectTests";
			sourceTree = "<group>";
		};
		43F06E982044915500A00B18 /* iOS-ProjectUITests */ = {
			isa = PBXGroup;
			children = (
				43F06E992044915500A00B18 /* iOS_ProjectUITests.swift */,
				43F06E9B2044915500A00B18 /* Info.plist */,
			);
			path = "iOS-ProjectUITests";
			sourceTree = "<group>";
		};
		43F06EA72044916400A00B18 /* Models */ = {
			isa = PBXGroup;
			children = (
				43F06EB32044929500A00B18 /* Managers */,
				43F06EB22044927400A00B18 /* Objects */,
			);
			path = Models;
			sourceTree = "<group>";
		};
		43F06EA82044917500A00B18 /* Views */ = {
			isa = PBXGroup;
			children = (
				43729A2020655CA700136064 /* Cells */,
			);
			path = Views;
			sourceTree = "<group>";
		};
		43F06EA92044917F00A00B18 /* Controllers */ = {
			isa = PBXGroup;
			children = (
				430E13D3204C37D50044EFF0 /* LoginViewController.swift */,
				430E13D5204C397B0044EFF0 /* HomeViewController.swift */,
				430E13D7204C398C0044EFF0 /* ProfileViewController.swift */,
				430E13D9204C39BD0044EFF0 /* TaskViewController.swift */,
				430E13DB204C39CD0044EFF0 /* MyProfileViewController.swift */,
			);
			path = Controllers;
			sourceTree = "<group>";
		};
		43F06EB22044927400A00B18 /* Objects */ = {
			isa = PBXGroup;
			children = (
				43F06EB02044926300A00B18 /* Task.swift */,
				43F06EAC204491F400A00B18 /* Friend.swift */,
			);
			path = Objects;
			sourceTree = "<group>";
		};
		43F06EB32044929500A00B18 /* Managers */ = {
			isa = PBXGroup;
			children = (
				43F06EAE2044921D00A00B18 /* TaskManager.swift */,
				43F06EAA204491AE00A00B18 /* AccountManager.swift */,
			);
			path = Managers;
			sourceTree = "<group>";
		};
		65C2E12C12D0D49568F1849A /* Pods */ = {
			isa = PBXGroup;
			children = (
				98BB254E004187233C37DD70 /* Pods-iOS-Project.debug.xcconfig */,
				9AFDE51EB2AEDAA33D6A2E5B /* Pods-iOS-Project.release.xcconfig */,
				B8F31DD93BEC55A9D7A56ABA /* Pods-iOS-ProjectTests.debug.xcconfig */,
				1DCF0B35DB6632B8B301490D /* Pods-iOS-ProjectTests.release.xcconfig */,
				BCBEDC9D6E6DCE93390F3D29 /* Pods-iOS-ProjectUITests.debug.xcconfig */,
				E7660399EF2374A6CAA34852 /* Pods-iOS-ProjectUITests.release.xcconfig */,
			);
			name = Pods;
			sourceTree = "<group>";
		};
		BE2D3C9591F3171B5DAC7ADF /* Frameworks */ = {
			isa = PBXGroup;
			children = (
				04AB206E8466A6877C6626FF /* Pods_iOS_Project.framework */,
				445E8E54FC30E69C5E970660 /* Pods_iOS_ProjectTests.framework */,
				343BB498779501A06C9D5F88 /* Pods_iOS_ProjectUITests.framework */,
			);
			name = Frameworks;
			sourceTree = "<group>";
		};
/* End PBXGroup section */

/* Begin PBXNativeTarget section */
		43F06E752044915500A00B18 /* iOS-Project */ = {
			isa = PBXNativeTarget;
			buildConfigurationList = 43F06E9E2044915500A00B18 /* Build configuration list for PBXNativeTarget "iOS-Project" */;
			buildPhases = (
				EABAA22D4E6E8D768815BF03 /* [CP] Check Pods Manifest.lock */,
				43F06E722044915500A00B18 /* Sources */,
				43F06E732044915500A00B18 /* Frameworks */,
				43F06E742044915500A00B18 /* Resources */,
				E95D95F0C4AC0D4CB5597B97 /* [CP] Embed Pods Frameworks */,
				7707847AA9047A5FFE786DF7 /* [CP] Copy Pods Resources */,
			);
			buildRules = (
			);
			dependencies = (
			);
			name = "iOS-Project";
			productName = "iOS-Project";
			productReference = 43F06E762044915500A00B18 /* iOS-Project.app */;
			productType = "com.apple.product-type.application";
		};
		43F06E892044915500A00B18 /* iOS-ProjectTests */ = {
			isa = PBXNativeTarget;
			buildConfigurationList = 43F06EA12044915500A00B18 /* Build configuration list for PBXNativeTarget "iOS-ProjectTests" */;
			buildPhases = (
				3B9625E06052DBBFE5740367 /* [CP] Check Pods Manifest.lock */,
				43F06E862044915500A00B18 /* Sources */,
				43F06E872044915500A00B18 /* Frameworks */,
				43F06E882044915500A00B18 /* Resources */,
				52D3CEF3C4CD17FFC97A823D /* [CP] Embed Pods Frameworks */,
				E2DF7CF7C5ACD3795CCC2489 /* [CP] Copy Pods Resources */,
			);
			buildRules = (
			);
			dependencies = (
				43F06E8C2044915500A00B18 /* PBXTargetDependency */,
			);
			name = "iOS-ProjectTests";
			productName = "iOS-ProjectTests";
			productReference = 43F06E8A2044915500A00B18 /* iOS-ProjectTests.xctest */;
			productType = "com.apple.product-type.bundle.unit-test";
		};
		43F06E942044915500A00B18 /* iOS-ProjectUITests */ = {
			isa = PBXNativeTarget;
			buildConfigurationList = 43F06EA42044915500A00B18 /* Build configuration list for PBXNativeTarget "iOS-ProjectUITests" */;
			buildPhases = (
				39C6D16B69F1703D544408A7 /* [CP] Check Pods Manifest.lock */,
				43F06E912044915500A00B18 /* Sources */,
				43F06E922044915500A00B18 /* Frameworks */,
				43F06E932044915500A00B18 /* Resources */,
				AFC572561DE8CC95E7AFE8A2 /* [CP] Embed Pods Frameworks */,
				D114FE6E63A92FB2D7B2A191 /* [CP] Copy Pods Resources */,
			);
			buildRules = (
			);
			dependencies = (
				43F06E972044915500A00B18 /* PBXTargetDependency */,
			);
			name = "iOS-ProjectUITests";
			productName = "iOS-ProjectUITests";
			productReference = 43F06E952044915500A00B18 /* iOS-ProjectUITests.xctest */;
			productType = "com.apple.product-type.bundle.ui-testing";
		};
/* End PBXNativeTarget section */

/* Begin PBXProject section */
		43F06E6E2044915500A00B18 /* Project object */ = {
			isa = PBXProject;
			attributes = {
				LastSwiftUpdateCheck = 0920;
				LastUpgradeCheck = 0920;
				ORGANIZATIONNAME = "Arthur Hatchiguian";
				TargetAttributes = {
					43F06E752044915500A00B18 = {
						CreatedOnToolsVersion = 9.2;
						ProvisioningStyle = Automatic;
					};
					43F06E892044915500A00B18 = {
						CreatedOnToolsVersion = 9.2;
						ProvisioningStyle = Automatic;
						TestTargetID = 43F06E752044915500A00B18;
					};
					43F06E942044915500A00B18 = {
						CreatedOnToolsVersion = 9.2;
						ProvisioningStyle = Automatic;
						TestTargetID = 43F06E752044915500A00B18;
					};
				};
			};
			buildConfigurationList = 43F06E712044915500A00B18 /* Build configuration list for PBXProject "iOS-Project" */;
			compatibilityVersion = "Xcode 8.0";
			developmentRegion = en;
			hasScannedForEncodings = 0;
			knownRegions = (
				en,
				Base,
				fr,
			);
			mainGroup = 43F06E6D2044915500A00B18;
			productRefGroup = 43F06E772044915500A00B18 /* Products */;
			projectDirPath = "";
			projectRoot = "";
			targets = (
				43F06E752044915500A00B18 /* iOS-Project */,
				43F06E892044915500A00B18 /* iOS-ProjectTests */,
				43F06E942044915500A00B18 /* iOS-ProjectUITests */,
			);
		};
/* End PBXProject section */

/* Begin PBXResourcesBuildPhase section */
		43F06E742044915500A00B18 /* Resources */ = {
			isa = PBXResourcesBuildPhase;
			buildActionMask = 2147483647;
			files = (
				43729A192065574600136064 /* SFUIText-Light.otf in Resources */,
				430F9F63206D0CD0002E2E50 /* Localizable.strings in Resources */,
				43729A162065574000136064 /* SFUIText-Medium.otf in Resources */,
				43F06E842044915500A00B18 /* LaunchScreen.storyboard in Resources */,
				43F06E812044915500A00B18 /* Assets.xcassets in Resources */,
				43F06E7F2044915500A00B18 /* Main.storyboard in Resources */,
			);
			runOnlyForDeploymentPostprocessing = 0;
		};
		43F06E882044915500A00B18 /* Resources */ = {
			isa = PBXResourcesBuildPhase;
			buildActionMask = 2147483647;
			files = (
				43729A1A2065574700136064 /* SFUIText-Light.otf in Resources */,
				43729A172065574100136064 /* SFUIText-Medium.otf in Resources */,
			);
			runOnlyForDeploymentPostprocessing = 0;
		};
		43F06E932044915500A00B18 /* Resources */ = {
			isa = PBXResourcesBuildPhase;
			buildActionMask = 2147483647;
			files = (
				43729A1B2065574800136064 /* SFUIText-Light.otf in Resources */,
				43729A182065574100136064 /* SFUIText-Medium.otf in Resources */,
			);
			runOnlyForDeploymentPostprocessing = 0;
		};
/* End PBXResourcesBuildPhase section */

/* Begin PBXShellScriptBuildPhase section */
		39C6D16B69F1703D544408A7 /* [CP] Check Pods Manifest.lock */ = {
			isa = PBXShellScriptBuildPhase;
			buildActionMask = 2147483647;
			files = (
			);
			inputPaths = (
				"${PODS_PODFILE_DIR_PATH}/Podfile.lock",
				"${PODS_ROOT}/Manifest.lock",
			);
			name = "[CP] Check Pods Manifest.lock";
			outputPaths = (
				"$(DERIVED_FILE_DIR)/Pods-iOS-ProjectUITests-checkManifestLockResult.txt",
			);
			runOnlyForDeploymentPostprocessing = 0;
			shellPath = /bin/sh;
			shellScript = "diff \"${PODS_PODFILE_DIR_PATH}/Podfile.lock\" \"${PODS_ROOT}/Manifest.lock\" > /dev/null\nif [ $? != 0 ] ; then\n    # print error to STDERR\n    echo \"error: The sandbox is not in sync with the Podfile.lock. Run 'pod install' or update your CocoaPods installation.\" >&2\n    exit 1\nfi\n# This output is used by Xcode 'outputs' to avoid re-running this script phase.\necho \"SUCCESS\" > \"${SCRIPT_OUTPUT_FILE_0}\"\n";
			showEnvVarsInLog = 0;
		};
		3B9625E06052DBBFE5740367 /* [CP] Check Pods Manifest.lock */ = {
			isa = PBXShellScriptBuildPhase;
			buildActionMask = 2147483647;
			files = (
			);
			inputPaths = (
				"${PODS_PODFILE_DIR_PATH}/Podfile.lock",
				"${PODS_ROOT}/Manifest.lock",
			);
			name = "[CP] Check Pods Manifest.lock";
			outputPaths = (
				"$(DERIVED_FILE_DIR)/Pods-iOS-ProjectTests-checkManifestLockResult.txt",
			);
			runOnlyForDeploymentPostprocessing = 0;
			shellPath = /bin/sh;
			shellScript = "diff \"${PODS_PODFILE_DIR_PATH}/Podfile.lock\" \"${PODS_ROOT}/Manifest.lock\" > /dev/null\nif [ $? != 0 ] ; then\n    # print error to STDERR\n    echo \"error: The sandbox is not in sync with the Podfile.lock. Run 'pod install' or update your CocoaPods installation.\" >&2\n    exit 1\nfi\n# This output is used by Xcode 'outputs' to avoid re-running this script phase.\necho \"SUCCESS\" > \"${SCRIPT_OUTPUT_FILE_0}\"\n";
			showEnvVarsInLog = 0;
		};
		52D3CEF3C4CD17FFC97A823D /* [CP] Embed Pods Frameworks */ = {
			isa = PBXShellScriptBuildPhase;
			buildActionMask = 2147483647;
			files = (
			);
			inputPaths = (
			);
			name = "[CP] Embed Pods Frameworks";
			outputPaths = (
			);
			runOnlyForDeploymentPostprocessing = 0;
			shellPath = /bin/sh;
			shellScript = "\"${SRCROOT}/Pods/Target Support Files/Pods-iOS-ProjectTests/Pods-iOS-ProjectTests-frameworks.sh\"\n";
			showEnvVarsInLog = 0;
		};
		7707847AA9047A5FFE786DF7 /* [CP] Copy Pods Resources */ = {
			isa = PBXShellScriptBuildPhase;
			buildActionMask = 2147483647;
			files = (
			);
			inputPaths = (
			);
			name = "[CP] Copy Pods Resources";
			outputPaths = (
			);
			runOnlyForDeploymentPostprocessing = 0;
			shellPath = /bin/sh;
			shellScript = "\"${SRCROOT}/Pods/Target Support Files/Pods-iOS-Project/Pods-iOS-Project-resources.sh\"\n";
			showEnvVarsInLog = 0;
		};
		AFC572561DE8CC95E7AFE8A2 /* [CP] Embed Pods Frameworks */ = {
			isa = PBXShellScriptBuildPhase;
			buildActionMask = 2147483647;
			files = (
			);
			inputPaths = (
			);
			name = "[CP] Embed Pods Frameworks";
			outputPaths = (
			);
			runOnlyForDeploymentPostprocessing = 0;
			shellPath = /bin/sh;
			shellScript = "\"${SRCROOT}/Pods/Target Support Files/Pods-iOS-ProjectUITests/Pods-iOS-ProjectUITests-frameworks.sh\"\n";
			showEnvVarsInLog = 0;
		};
		D114FE6E63A92FB2D7B2A191 /* [CP] Copy Pods Resources */ = {
			isa = PBXShellScriptBuildPhase;
			buildActionMask = 2147483647;
			files = (
			);
			inputPaths = (
			);
			name = "[CP] Copy Pods Resources";
			outputPaths = (
			);
			runOnlyForDeploymentPostprocessing = 0;
			shellPath = /bin/sh;
			shellScript = "\"${SRCROOT}/Pods/Target Support Files/Pods-iOS-ProjectUITests/Pods-iOS-ProjectUITests-resources.sh\"\n";
			showEnvVarsInLog = 0;
		};
		E2DF7CF7C5ACD3795CCC2489 /* [CP] Copy Pods Resources */ = {
			isa = PBXShellScriptBuildPhase;
			buildActionMask = 2147483647;
			files = (
			);
			inputPaths = (
			);
			name = "[CP] Copy Pods Resources";
			outputPaths = (
			);
			runOnlyForDeploymentPostprocessing = 0;
			shellPath = /bin/sh;
			shellScript = "\"${SRCROOT}/Pods/Target Support Files/Pods-iOS-ProjectTests/Pods-iOS-ProjectTests-resources.sh\"\n";
			showEnvVarsInLog = 0;
		};
		E95D95F0C4AC0D4CB5597B97 /* [CP] Embed Pods Frameworks */ = {
			isa = PBXShellScriptBuildPhase;
			buildActionMask = 2147483647;
			files = (
			);
			inputPaths = (
				"${SRCROOT}/Pods/Target Support Files/Pods-iOS-Project/Pods-iOS-Project-frameworks.sh",
				"${BUILT_PRODUCTS_DIR}/GTMSessionFetcher/GTMSessionFetcher.framework",
				"${BUILT_PRODUCTS_DIR}/GoogleToolboxForMac/GoogleToolboxForMac.framework",
				"${BUILT_PRODUCTS_DIR}/nanopb/nanopb.framework",
			);
			name = "[CP] Embed Pods Frameworks";
			outputPaths = (
				"${TARGET_BUILD_DIR}/${FRAMEWORKS_FOLDER_PATH}/GTMSessionFetcher.framework",
				"${TARGET_BUILD_DIR}/${FRAMEWORKS_FOLDER_PATH}/GoogleToolboxForMac.framework",
				"${TARGET_BUILD_DIR}/${FRAMEWORKS_FOLDER_PATH}/nanopb.framework",
			);
			runOnlyForDeploymentPostprocessing = 0;
			shellPath = /bin/sh;
			shellScript = "\"${SRCROOT}/Pods/Target Support Files/Pods-iOS-Project/Pods-iOS-Project-frameworks.sh\"\n";
			showEnvVarsInLog = 0;
		};
		EABAA22D4E6E8D768815BF03 /* [CP] Check Pods Manifest.lock */ = {
			isa = PBXShellScriptBuildPhase;
			buildActionMask = 2147483647;
			files = (
			);
			inputPaths = (
				"${PODS_PODFILE_DIR_PATH}/Podfile.lock",
				"${PODS_ROOT}/Manifest.lock",
			);
			name = "[CP] Check Pods Manifest.lock";
			outputPaths = (
				"$(DERIVED_FILE_DIR)/Pods-iOS-Project-checkManifestLockResult.txt",
			);
			runOnlyForDeploymentPostprocessing = 0;
			shellPath = /bin/sh;
			shellScript = "diff \"${PODS_PODFILE_DIR_PATH}/Podfile.lock\" \"${PODS_ROOT}/Manifest.lock\" > /dev/null\nif [ $? != 0 ] ; then\n    # print error to STDERR\n    echo \"error: The sandbox is not in sync with the Podfile.lock. Run 'pod install' or update your CocoaPods installation.\" >&2\n    exit 1\nfi\n# This output is used by Xcode 'outputs' to avoid re-running this script phase.\necho \"SUCCESS\" > \"${SCRIPT_OUTPUT_FILE_0}\"\n";
			showEnvVarsInLog = 0;
		};
/* End PBXShellScriptBuildPhase section */

/* Begin PBXSourcesBuildPhase section */
		43F06E722044915500A00B18 /* Sources */ = {
			isa = PBXSourcesBuildPhase;
			buildActionMask = 2147483647;
			files = (
				430E13D4204C37D50044EFF0 /* LoginViewController.swift in Sources */,
				43F06E7C2044915500A00B18 /* ViewController.swift in Sources */,
				43F06E7A2044915500A00B18 /* AppDelegate.swift in Sources */,
				430E13D6204C397B0044EFF0 /* HomeViewController.swift in Sources */,
				430E13DC204C39CD0044EFF0 /* MyProfileViewController.swift in Sources */,
				43F06EAF2044921D00A00B18 /* TaskManager.swift in Sources */,
				43729A1020654A5000136064 /* String.swift in Sources */,
				43F06EAB204491AE00A00B18 /* AccountManager.swift in Sources */,
				430E13D8204C398C0044EFF0 /* ProfileViewController.swift in Sources */,
				430F9F5C206CBC90002E2E50 /* Color.swift in Sources */,
				430E13DA204C39BD0044EFF0 /* TaskViewController.swift in Sources */,
				43F06EB12044926300A00B18 /* Task.swift in Sources */,
				43F06EAD204491F400A00B18 /* Friend.swift in Sources */,
				4311F6F62067E06600B977B9 /* TaskCollectionViewCell.swift in Sources */,
			);
			runOnlyForDeploymentPostprocessing = 0;
		};
		43F06E862044915500A00B18 /* Sources */ = {
			isa = PBXSourcesBuildPhase;
			buildActionMask = 2147483647;
			files = (
				43F06E8F2044915500A00B18 /* iOS_ProjectTests.swift in Sources */,
			);
			runOnlyForDeploymentPostprocessing = 0;
		};
		43F06E912044915500A00B18 /* Sources */ = {
			isa = PBXSourcesBuildPhase;
			buildActionMask = 2147483647;
			files = (
				43F06E9A2044915500A00B18 /* iOS_ProjectUITests.swift in Sources */,
			);
			runOnlyForDeploymentPostprocessing = 0;
		};
/* End PBXSourcesBuildPhase section */

/* Begin PBXTargetDependency section */
		43F06E8C2044915500A00B18 /* PBXTargetDependency */ = {
			isa = PBXTargetDependency;
			target = 43F06E752044915500A00B18 /* iOS-Project */;
			targetProxy = 43F06E8B2044915500A00B18 /* PBXContainerItemProxy */;
		};
		43F06E972044915500A00B18 /* PBXTargetDependency */ = {
			isa = PBXTargetDependency;
			target = 43F06E752044915500A00B18 /* iOS-Project */;
			targetProxy = 43F06E962044915500A00B18 /* PBXContainerItemProxy */;
		};
/* End PBXTargetDependency section */

/* Begin PBXVariantGroup section */
		430F9F65206D0CD0002E2E50 /* Localizable.strings */ = {
			isa = PBXVariantGroup;
			children = (
				430F9F64206D0CD0002E2E50 /* en */,
				430F9F66206D0CEC002E2E50 /* fr */,
			);
			name = Localizable.strings;
			sourceTree = "<group>";
		};
		43F06E7D2044915500A00B18 /* Main.storyboard */ = {
			isa = PBXVariantGroup;
			children = (
				43F06E7E2044915500A00B18 /* Base */,
			);
			name = Main.storyboard;
			sourceTree = "<group>";
		};
		43F06E822044915500A00B18 /* LaunchScreen.storyboard */ = {
			isa = PBXVariantGroup;
			children = (
				43F06E832044915500A00B18 /* Base */,
			);
			name = LaunchScreen.storyboard;
			sourceTree = "<group>";
		};
/* End PBXVariantGroup section */

/* Begin XCBuildConfiguration section */
		43F06E9C2044915500A00B18 /* Debug */ = {
			isa = XCBuildConfiguration;
			buildSettings = {
				ALWAYS_SEARCH_USER_PATHS = NO;
				CLANG_ANALYZER_LOCALIZABILITY_NONLOCALIZED = YES;
				CLANG_ANALYZER_NONNULL = YES;
				CLANG_ANALYZER_NUMBER_OBJECT_CONVERSION = YES_AGGRESSIVE;
				CLANG_CXX_LANGUAGE_STANDARD = "gnu++14";
				CLANG_CXX_LIBRARY = "libc++";
				CLANG_ENABLE_MODULES = YES;
				CLANG_ENABLE_OBJC_ARC = YES;
				CLANG_WARN_BLOCK_CAPTURE_AUTORELEASING = YES;
				CLANG_WARN_BOOL_CONVERSION = YES;
				CLANG_WARN_COMMA = YES;
				CLANG_WARN_CONSTANT_CONVERSION = YES;
				CLANG_WARN_DIRECT_OBJC_ISA_USAGE = YES_ERROR;
				CLANG_WARN_DOCUMENTATION_COMMENTS = YES;
				CLANG_WARN_EMPTY_BODY = YES;
				CLANG_WARN_ENUM_CONVERSION = YES;
				CLANG_WARN_INFINITE_RECURSION = YES;
				CLANG_WARN_INT_CONVERSION = YES;
				CLANG_WARN_NON_LITERAL_NULL_CONVERSION = YES;
				CLANG_WARN_OBJC_LITERAL_CONVERSION = YES;
				CLANG_WARN_OBJC_ROOT_CLASS = YES_ERROR;
				CLANG_WARN_RANGE_LOOP_ANALYSIS = YES;
				CLANG_WARN_STRICT_PROTOTYPES = YES;
				CLANG_WARN_SUSPICIOUS_MOVE = YES;
				CLANG_WARN_UNGUARDED_AVAILABILITY = YES_AGGRESSIVE;
				CLANG_WARN_UNREACHABLE_CODE = YES;
				CLANG_WARN__DUPLICATE_METHOD_MATCH = YES;
				CODE_SIGN_IDENTITY = "iPhone Developer";
				COPY_PHASE_STRIP = NO;
				DEBUG_INFORMATION_FORMAT = dwarf;
				ENABLE_STRICT_OBJC_MSGSEND = YES;
				ENABLE_TESTABILITY = YES;
				GCC_C_LANGUAGE_STANDARD = gnu11;
				GCC_DYNAMIC_NO_PIC = NO;
				GCC_NO_COMMON_BLOCKS = YES;
				GCC_OPTIMIZATION_LEVEL = 0;
				GCC_PREPROCESSOR_DEFINITIONS = (
					"DEBUG=1",
					"$(inherited)",
				);
				GCC_WARN_64_TO_32_BIT_CONVERSION = YES;
				GCC_WARN_ABOUT_RETURN_TYPE = YES_ERROR;
				GCC_WARN_UNDECLARED_SELECTOR = YES;
				GCC_WARN_UNINITIALIZED_AUTOS = YES_AGGRESSIVE;
				GCC_WARN_UNUSED_FUNCTION = YES;
				GCC_WARN_UNUSED_VARIABLE = YES;
				IPHONEOS_DEPLOYMENT_TARGET = 11.2;
				MTL_ENABLE_DEBUG_INFO = YES;
				ONLY_ACTIVE_ARCH = YES;
				SDKROOT = iphoneos;
				SWIFT_ACTIVE_COMPILATION_CONDITIONS = DEBUG;
				SWIFT_OPTIMIZATION_LEVEL = "-Onone";
			};
			name = Debug;
		};
		43F06E9D2044915500A00B18 /* Release */ = {
			isa = XCBuildConfiguration;
			buildSettings = {
				ALWAYS_SEARCH_USER_PATHS = NO;
				CLANG_ANALYZER_LOCALIZABILITY_NONLOCALIZED = YES;
				CLANG_ANALYZER_NONNULL = YES;
				CLANG_ANALYZER_NUMBER_OBJECT_CONVERSION = YES_AGGRESSIVE;
				CLANG_CXX_LANGUAGE_STANDARD = "gnu++14";
				CLANG_CXX_LIBRARY = "libc++";
				CLANG_ENABLE_MODULES = YES;
				CLANG_ENABLE_OBJC_ARC = YES;
				CLANG_WARN_BLOCK_CAPTURE_AUTORELEASING = YES;
				CLANG_WARN_BOOL_CONVERSION = YES;
				CLANG_WARN_COMMA = YES;
				CLANG_WARN_CONSTANT_CONVERSION = YES;
				CLANG_WARN_DIRECT_OBJC_ISA_USAGE = YES_ERROR;
				CLANG_WARN_DOCUMENTATION_COMMENTS = YES;
				CLANG_WARN_EMPTY_BODY = YES;
				CLANG_WARN_ENUM_CONVERSION = YES;
				CLANG_WARN_INFINITE_RECURSION = YES;
				CLANG_WARN_INT_CONVERSION = YES;
				CLANG_WARN_NON_LITERAL_NULL_CONVERSION = YES;
				CLANG_WARN_OBJC_LITERAL_CONVERSION = YES;
				CLANG_WARN_OBJC_ROOT_CLASS = YES_ERROR;
				CLANG_WARN_RANGE_LOOP_ANALYSIS = YES;
				CLANG_WARN_STRICT_PROTOTYPES = YES;
				CLANG_WARN_SUSPICIOUS_MOVE = YES;
				CLANG_WARN_UNGUARDED_AVAILABILITY = YES_AGGRESSIVE;
				CLANG_WARN_UNREACHABLE_CODE = YES;
				CLANG_WARN__DUPLICATE_METHOD_MATCH = YES;
				CODE_SIGN_IDENTITY = "iPhone Developer";
				COPY_PHASE_STRIP = NO;
				DEBUG_INFORMATION_FORMAT = "dwarf-with-dsym";
				ENABLE_NS_ASSERTIONS = NO;
				ENABLE_STRICT_OBJC_MSGSEND = YES;
				GCC_C_LANGUAGE_STANDARD = gnu11;
				GCC_NO_COMMON_BLOCKS = YES;
				GCC_WARN_64_TO_32_BIT_CONVERSION = YES;
				GCC_WARN_ABOUT_RETURN_TYPE = YES_ERROR;
				GCC_WARN_UNDECLARED_SELECTOR = YES;
				GCC_WARN_UNINITIALIZED_AUTOS = YES_AGGRESSIVE;
				GCC_WARN_UNUSED_FUNCTION = YES;
				GCC_WARN_UNUSED_VARIABLE = YES;
				IPHONEOS_DEPLOYMENT_TARGET = 11.2;
				MTL_ENABLE_DEBUG_INFO = NO;
				SDKROOT = iphoneos;
				SWIFT_OPTIMIZATION_LEVEL = "-Owholemodule";
				VALIDATE_PRODUCT = YES;
			};
			name = Release;
		};
		43F06E9F2044915500A00B18 /* Debug */ = {
			isa = XCBuildConfiguration;
			baseConfigurationReference = 98BB254E004187233C37DD70 /* Pods-iOS-Project.debug.xcconfig */;
			buildSettings = {
				ASSETCATALOG_COMPILER_APPICON_NAME = AppIcon;
				CODE_SIGN_STYLE = Automatic;
				DEVELOPMENT_TEAM = 96FYGHL73A;
				INFOPLIST_FILE = "iOS-Project/Info.plist";
				LD_RUNPATH_SEARCH_PATHS = "$(inherited) @executable_path/Frameworks";
				PRODUCT_BUNDLE_IDENTIFIER = "epitech.iOS-Project";
				PRODUCT_NAME = "$(TARGET_NAME)";
				SWIFT_VERSION = 4.0;
				TARGETED_DEVICE_FAMILY = "1,2";
			};
			name = Debug;
		};
		43F06EA02044915500A00B18 /* Release */ = {
			isa = XCBuildConfiguration;
			baseConfigurationReference = 9AFDE51EB2AEDAA33D6A2E5B /* Pods-iOS-Project.release.xcconfig */;
			buildSettings = {
				ASSETCATALOG_COMPILER_APPICON_NAME = AppIcon;
				CODE_SIGN_STYLE = Automatic;
				DEVELOPMENT_TEAM = 96FYGHL73A;
				INFOPLIST_FILE = "iOS-Project/Info.plist";
				LD_RUNPATH_SEARCH_PATHS = "$(inherited) @executable_path/Frameworks";
				PRODUCT_BUNDLE_IDENTIFIER = "epitech.iOS-Project";
				PRODUCT_NAME = "$(TARGET_NAME)";
				SWIFT_VERSION = 4.0;
				TARGETED_DEVICE_FAMILY = "1,2";
			};
			name = Release;
		};
		43F06EA22044915500A00B18 /* Debug */ = {
			isa = XCBuildConfiguration;
			baseConfigurationReference = B8F31DD93BEC55A9D7A56ABA /* Pods-iOS-ProjectTests.debug.xcconfig */;
			buildSettings = {
				ALWAYS_EMBED_SWIFT_STANDARD_LIBRARIES = YES;
				BUNDLE_LOADER = "$(TEST_HOST)";
				CODE_SIGN_STYLE = Automatic;
				DEVELOPMENT_TEAM = 96FYGHL73A;
				INFOPLIST_FILE = "iOS-ProjectTests/Info.plist";
				LD_RUNPATH_SEARCH_PATHS = "$(inherited) @executable_path/Frameworks @loader_path/Frameworks";
				PRODUCT_BUNDLE_IDENTIFIER = "epitech.iOS-ProjectTests";
				PRODUCT_NAME = "$(TARGET_NAME)";
				SWIFT_VERSION = 4.0;
				TARGETED_DEVICE_FAMILY = "1,2";
				TEST_HOST = "$(BUILT_PRODUCTS_DIR)/iOS-Project.app/iOS-Project";
			};
			name = Debug;
		};
		43F06EA32044915500A00B18 /* Release */ = {
			isa = XCBuildConfiguration;
			baseConfigurationReference = 1DCF0B35DB6632B8B301490D /* Pods-iOS-ProjectTests.release.xcconfig */;
			buildSettings = {
				ALWAYS_EMBED_SWIFT_STANDARD_LIBRARIES = YES;
				BUNDLE_LOADER = "$(TEST_HOST)";
				CODE_SIGN_STYLE = Automatic;
				DEVELOPMENT_TEAM = 96FYGHL73A;
				INFOPLIST_FILE = "iOS-ProjectTests/Info.plist";
				LD_RUNPATH_SEARCH_PATHS = "$(inherited) @executable_path/Frameworks @loader_path/Frameworks";
				PRODUCT_BUNDLE_IDENTIFIER = "epitech.iOS-ProjectTests";
				PRODUCT_NAME = "$(TARGET_NAME)";
				SWIFT_VERSION = 4.0;
				TARGETED_DEVICE_FAMILY = "1,2";
				TEST_HOST = "$(BUILT_PRODUCTS_DIR)/iOS-Project.app/iOS-Project";
			};
			name = Release;
		};
		43F06EA52044915500A00B18 /* Debug */ = {
			isa = XCBuildConfiguration;
			baseConfigurationReference = BCBEDC9D6E6DCE93390F3D29 /* Pods-iOS-ProjectUITests.debug.xcconfig */;
			buildSettings = {
				ALWAYS_EMBED_SWIFT_STANDARD_LIBRARIES = YES;
				CODE_SIGN_STYLE = Automatic;
				DEVELOPMENT_TEAM = 96FYGHL73A;
				INFOPLIST_FILE = "iOS-ProjectUITests/Info.plist";
				LD_RUNPATH_SEARCH_PATHS = "$(inherited) @executable_path/Frameworks @loader_path/Frameworks";
				PRODUCT_BUNDLE_IDENTIFIER = "epitech.iOS-ProjectUITests";
				PRODUCT_NAME = "$(TARGET_NAME)";
				SWIFT_VERSION = 4.0;
				TARGETED_DEVICE_FAMILY = "1,2";
				TEST_TARGET_NAME = "iOS-Project";
			};
			name = Debug;
		};
		43F06EA62044915500A00B18 /* Release */ = {
			isa = XCBuildConfiguration;
			baseConfigurationReference = E7660399EF2374A6CAA34852 /* Pods-iOS-ProjectUITests.release.xcconfig */;
			buildSettings = {
				ALWAYS_EMBED_SWIFT_STANDARD_LIBRARIES = YES;
				CODE_SIGN_STYLE = Automatic;
				DEVELOPMENT_TEAM = 96FYGHL73A;
				INFOPLIST_FILE = "iOS-ProjectUITests/Info.plist";
				LD_RUNPATH_SEARCH_PATHS = "$(inherited) @executable_path/Frameworks @loader_path/Frameworks";
				PRODUCT_BUNDLE_IDENTIFIER = "epitech.iOS-ProjectUITests";
				PRODUCT_NAME = "$(TARGET_NAME)";
				SWIFT_VERSION = 4.0;
				TARGETED_DEVICE_FAMILY = "1,2";
				TEST_TARGET_NAME = "iOS-Project";
			};
			name = Release;
		};
/* End XCBuildConfiguration section */

/* Begin XCConfigurationList section */
		43F06E712044915500A00B18 /* Build configuration list for PBXProject "iOS-Project" */ = {
			isa = XCConfigurationList;
			buildConfigurations = (
				43F06E9C2044915500A00B18 /* Debug */,
				43F06E9D2044915500A00B18 /* Release */,
			);
			defaultConfigurationIsVisible = 0;
			defaultConfigurationName = Release;
		};
		43F06E9E2044915500A00B18 /* Build configuration list for PBXNativeTarget "iOS-Project" */ = {
			isa = XCConfigurationList;
			buildConfigurations = (
				43F06E9F2044915500A00B18 /* Debug */,
				43F06EA02044915500A00B18 /* Release */,
			);
			defaultConfigurationIsVisible = 0;
			defaultConfigurationName = Release;
		};
		43F06EA12044915500A00B18 /* Build configuration list for PBXNativeTarget "iOS-ProjectTests" */ = {
			isa = XCConfigurationList;
			buildConfigurations = (
				43F06EA22044915500A00B18 /* Debug */,
				43F06EA32044915500A00B18 /* Release */,
			);
			defaultConfigurationIsVisible = 0;
			defaultConfigurationName = Release;
		};
		43F06EA42044915500A00B18 /* Build configuration list for PBXNativeTarget "iOS-ProjectUITests" */ = {
			isa = XCConfigurationList;
			buildConfigurations = (
				43F06EA52044915500A00B18 /* Debug */,
				43F06EA62044915500A00B18 /* Release */,
			);
			defaultConfigurationIsVisible = 0;
			defaultConfigurationName = Release;
		};
/* End XCConfigurationList section */
	};
	rootObject = 43F06E6E2044915500A00B18 /* Project object */;
}
